{
  "nodes": {
    "baikai-src": {
      "flake": false,
      "locked": {
        "lastModified": 1784565401,
        "narHash": "sha256-h4bTdTBgOMNxv8PaEO7q3m6P4BZimIntGrY0rF/E8ag=",
        "owner": "shinzui",
        "repo": "baikai",
        "rev": "d6d53b81b69bb4bd79e8cf19bc4eb86900180059",
        "type": "github"
      },
      "original": {
        "owner": "shinzui",
        "repo": "baikai",
        "type": "github"
      }
    },
    "flake-compat": {
      "flake": false,
      "locked": {
        "lastModified": 1767039857,
        "narHash": "sha256-vNpUSpF5Nuw8xvDLj2KCwwksIbjua2LZCqhV1LNRDns=",
        "owner": "NixOS",
        "repo": "flake-compat",
        "rev": "5edf11c44bc78a0d334f6334cdaf7d60d732daab",
        "type": "github"
      },
      "original": {
        "owner": "NixOS",
        "repo": "flake-compat",
        "type": "github"
      }
    },
    "flake-parts": {
      "inputs": {
        "nixpkgs-lib": [
          "nixpkgs"
        ]
      },
      "locked": {
        "lastModified": 1778716662,
        "narHash": "sha256-m1Yf0wZ8j1OHjTc2UwHwyQRSnNeSgLJOd7q5Y45hzi4=",
        "owner": "hercules-ci",
        "repo": "flake-parts",
        "rev": "f7c1a2d347e4c52d5fb8d10cb4d94b5884e546fb",
        "type": "github"
      },
      "original": {
        "owner": "hercules-ci",
        "repo": "flake-parts",
        "type": "github"
      }
    },
    "flake-utils": {
      "inputs": {
        "systems": "systems"
      },
      "locked": {
        "lastModified": 1731533236,
        "narHash": "sha256-l0KFg5HjrsfsO/JpG+r7fRrqm12kzFHyUHqHCVpMMbI=",
        "owner": "numtide",
        "repo": "flake-utils",
        "rev": "11707dc2f618dd54ca8739b309ec4fc024de578b",
        "type": "github"
      },
      "original": {
        "owner": "numtide",
        "repo": "flake-utils",
        "type": "github"
      }
    },
    "gitignore": {
      "inputs": {
        "nixpkgs": [
          "pre-commit-hooks",
          "nixpkgs"
        ]
      },
      "locked": {
        "lastModified": 1709087332,
        "narHash": "sha256-HG2cCnktfHsKV0s4XW83gU3F57gaTljL9KNSuG6bnQs=",
        "owner": "hercules-ci",
        "repo": "gitignore.nix",
        "rev": "637db329424fd7e46cf4185293b9cc8c88c95394",
        "type": "github"
      },
      "original": {
        "owner": "hercules-ci",
        "repo": "gitignore.nix",
        "type": "github"
      }
    },
    "haskell-nix": {
      "inputs": {
        "baikai-src": "baikai-src",
        "keiro-src": "keiro-src",
        "kioku-src": "kioku-src",
        "kiroku-src": "kiroku-src",
        "nixpkgs": [
          "nixpkgs"
        ],
        "pg-migrate-src": "pg-migrate-src",
        "pgmq-hs-src": "pgmq-hs-src",
        "settei-src": "settei-src",
        "shibuya-src": "shibuya-src",
        "shikumi-src": "shikumi-src"
      },
      "locked": {
        "lastModified": 1784567879,
        "narHash": "sha256-XDjF3SYzJgS0ImWDr8TDwqqRVGZ8I30zImDkqfZwNiA=",
        "owner": "shinzui",
        "repo": "haskell-nix",
        "rev": "ab4f2c3538488659f94ea1616228ee65f4a190c4",
        "type": "github"
      },
      "original": {
        "owner": "shinzui",
        "repo": "haskell-nix",
        "type": "github"
      }
    },
    "haskell-nix-dev": {
      "inputs": {
        "flake-utils": "flake-utils",
        "nixpkgs": "nixpkgs",
        "treefmt-nix": "treefmt-nix"
      },
      "locked": {
        "lastModified": 1780511109,
        "narHash": "sha256-ovNXmgd3ouO1koao1NWnBTVTJ/9F/zUGPMXUcdXzf70=",
        "owner": "shinzui",
        "repo": "haskell-nix-dev",
        "rev": "af29a4869ca87aea3eb3e9d6164e24f571412527",
        "type": "github"
      },
      "original": {
        "owner": "shinzui",
        "repo": "haskell-nix-dev",
        "type": "github"
      }
    },
    "keiro-src": {
      "flake": false,
      "locked": {
        "lastModified": 1784079325,
        "narHash": "sha256-OzayfuZCyOW6KCndP75BN+koRDdMXWiDqoUET0wYVXo=",
        "owner": "shinzui",
        "repo": "keiro",
        "rev": "29bd7952fa5201adf789bbb21427b2cffe228d4b",
        "type": "github"
      },
      "original": {
        "owner": "shinzui",
        "repo": "keiro",
        "type": "github"
      }
    },
    "kioku-src": {
      "flake": false,
      "locked": {
        "lastModified": 1784050025,
        "narHash": "sha256-yBu8wQ0H5J58i2gyZI7ZQctDg5Mc78UE3iqw+gptJyE=",
        "owner": "shinzui",
        "repo": "kioku",
        "rev": "a99aa369701a76278ca33d83f8416dee443fa645",
        "type": "github"
      },
      "original": {
        "owner": "shinzui",
        "repo": "kioku",
        "type": "github"
      }
    },
    "kiroku-src": {
      "flake": false,
      "locked": {
        "lastModified": 1784038159,
        "narHash": "sha256-XAFfhYHPcv/wbYxxXO77A5My7/saha289HsJO5/QnqQ=",
        "owner": "shinzui",
        "repo": "kiroku",
        "rev": "58aff77b3a6d6093e3613753a0543aab62db9fac",
        "type": "github"
      },
      "original": {
        "owner": "shinzui",
        "repo": "kiroku",
        "type": "github"
      }
    },
    "nixpkgs": {
      "locked": {
        "lastModified": 1780336545,
        "narHash": "sha256-vhVhuXzFrIOfcssC/9hDHx7MHzDKjF3keHuREOQqQiQ=",
        "owner": "nixos",
        "repo": "nixpkgs",
        "rev": "4df1b885d76a54e1aa1a318f8d16fd6005b6401f",
        "type": "github"
      },
      "original": {
        "owner": "nixos",
        "repo": "nixpkgs",
        "rev": "4df1b885d76a54e1aa1a318f8d16fd6005b6401f",
        "type": "github"
      }
    },
    "nixpkgs_2": {
      "locked": {
        "lastModified": 1770107345,
        "narHash": "sha256-tbS0Ebx2PiA1FRW8mt8oejR0qMXmziJmPaU1d4kYY9g=",
        "owner": "nixos",
        "repo": "nixpkgs",
        "rev": "4533d9293756b63904b7238acb84ac8fe4c8c2c4",
        "type": "github"
      },
      "original": {
        "owner": "nixos",
        "ref": "nixpkgs-unstable",
        "repo": "nixpkgs",
        "type": "github"
      }
    },
    "pg-migrate-src": {
      "flake": false,
      "locked": {
        "lastModified": 1783976259,
        "narHash": "sha256-gtSy0iWe+pe6wEHqm8OgvwMI13jNVul+5p7q36LV64E=",
        "owner": "shinzui",
        "repo": "pg-migrate",
        "rev": "f39d64e354818999667d345a1452f33eb4857fc1",
        "type": "github"
      },
      "original": {
        "owner": "shinzui",
        "repo": "pg-migrate",
        "type": "github"
      }
    },
    "pgmq-hs-src": {
      "flake": false,
      "locked": {
        "lastModified": 1784054261,
        "narHash": "sha256-2UEv+L7kMLrAojU9yNf7FGxgeffPrZnwyZ1YJ9M9gvI=",
        "owner": "shinzui",
        "repo": "pgmq-hs",
        "rev": "f4a101843ea6f5c055277fd84859ece02865eff4",
        "type": "github"
      },
      "original": {
        "owner": "shinzui",
        "repo": "pgmq-hs",
        "type": "github"
      }
    },
    "pre-commit-hooks": {
      "inputs": {
        "flake-compat": "flake-compat",
        "gitignore": "gitignore",
        "nixpkgs": [
          "nixpkgs"
        ]
      },
      "locked": {
        "lastModified": 1778507602,
        "narHash": "sha256-kTwur1wV+01SdqskVMSo6JMEpg71ps3HpbFY2GsflKs=",
        "owner": "cachix",
        "repo": "git-hooks.nix",
        "rev": "61ab0e80d9c7ab14c256b5b453d8b3fb0189ba0a",
        "type": "github"
      },
      "original": {
        "owner": "cachix",
        "repo": "git-hooks.nix",
        "type": "github"
      }
    },
    "root": {
      "inputs": {
        "flake-parts": "flake-parts",
        "haskell-nix": "haskell-nix",
        "haskell-nix-dev": "haskell-nix-dev",
        "nixpkgs": [
          "haskell-nix-dev",
          "nixpkgs"
        ],
        "pre-commit-hooks": "pre-commit-hooks",
        "seihou-schema-src": "seihou-schema-src",
        "treefmt-nix": [
          "haskell-nix-dev",
          "treefmt-nix"
        ]
      }
    },
    "seihou-schema-src": {
      "flake": false,
      "locked": {
        "lastModified": 1784559532,
        "narHash": "sha256-aeFH8Rrr2qcFq+jch+XVuIpeQ1AZI49Z5t1jV0wsGX8=",
        "ref": "refs/heads/master",
        "rev": "2dffa0592be47835a60784b89a289226ba990aa8",
        "revCount": 10,
        "type": "git",
        "url": "file:./schema"
      },
      "original": {
        "type": "git",
        "url": "file:./schema"
      }
    },
    "settei-src": {
      "flake": false,
      "locked": {
        "lastModified": 1784521789,
        "narHash": "sha256-bXMbbCerfobJHs45KQrjyp2H9VS4tKuK7EEFySYgJqQ=",
        "owner": "shinzui",
        "repo": "settei",
        "rev": "1bf62b0af110b4f42fe2528e9d459e0ccf12d626",
        "type": "github"
      },
      "original": {
        "owner": "shinzui",
        "repo": "settei",
        "type": "github"
      }
    },
    "shibuya-src": {
      "flake": false,
      "locked": {
        "lastModified": 1783204727,
        "narHash": "sha256-b1NoMQDlz876+H8zJ/KUgb+9cWWZXy04jGgXX3GfDpA=",
        "owner": "shinzui",
        "repo": "shibuya",
        "rev": "172df245f40a454af46dd7f4cde855eaa4414c5a",
        "type": "github"
      },
      "original": {
        "owner": "shinzui",
        "repo": "shibuya",
        "type": "github"
      }
    },
    "shikumi-src": {
      "flake": false,
      "locked": {
        "lastModified": 1783222763,
        "narHash": "sha256-NhsJUfH8Zw0VHL9xZQUGJOJ1CQhibvi9BCuqULEUrbs=",
        "owner": "shinzui",
        "repo": "shikumi",
        "rev": "0df4d85928c79cbfe78d7880a263fc0b9696ddc2",
        "type": "github"
      },
      "original": {
        "owner": "shinzui",
        "repo": "shikumi",
        "type": "github"
      }
    },
    "systems": {
      "locked": {
        "lastModified": 1681028828,
        "narHash": "sha256-Vy1rq5AaRuLzOxct8nz4T6wlgyUR7zLU309k9mBC768=",
        "owner": "nix-systems",
        "repo": "default",
        "rev": "da67096a3b9bf56a91d16901293e51ba5b49a27e",
        "type": "github"
      },
      "original": {
        "owner": "nix-systems",
        "repo": "default",
        "type": "github"
      }
    },
    "treefmt-nix": {
      "inputs": {
        "nixpkgs": "nixpkgs_2"
      },
      "locked": {
        "lastModified": 1780220602,
        "narHash": "sha256-eynAfOmbmxJnkp7YewvCEbShNnnYJ9gLLqkzsYtBPeM=",
        "owner": "numtide",
        "repo": "treefmt-nix",
        "rev": "db947814a175b7ca6ded66e21383d938df01c227",
        "type": "github"
      },
      "original": {
        "owner": "numtide",
        "repo": "treefmt-nix",
        "type": "github"
      }
    }
  },
  "root": "root",
  "version": 7
}
